
Microsoft Visual Studio Solution File, Format Version 12.00
# Visual Studio Version 17
VisualStudioVersion = 17.11.35222.181
MinimumVisualStudioVersion = 10.0.40219.1
Project("{FAE04EC0-301F-11D3-BF4B-00C04F79EFBC}") = "HexTrapPuzzle", "HexTrapPuzzle.csproj", "{A0541D56-765E-4B7D-9A9B-DB7F790D101C}"
EndProject
Global
	GlobalSection(SolutionConfigurationPlatforms) = preSolution
		Debug|Any CPU = Debug|Any CPU
		Release|Any CPU = Release|Any CPU
	EndGlobalSection
	GlobalSection(ProjectConfigurationPlatforms) = postSolution
		{A0541D56-765E-4B7D-9A9B-DB7F790D101C}.Debug|Any CPU.ActiveCfg = Debug|Any CPU
		{A0541D56-765E-4B7D-9A9B-DB7F790D101C}.Debug|Any CPU.Build.0 = Debug|Any CPU
		{A0541D56-765E-4B7D-9A9B-DB7F790D101C}.Release|Any CPU.ActiveCfg = Release|Any CPU
		{A0541D56-765E-4B7D-9A9B-DB7F790D101C}.Release|Any CPU.Build.0 = Release|Any CPU
	EndGlobalSection
	GlobalSection(SolutionProperties) = preSolution
		HideSolutionNode = FALSE
	EndGlobalSection
	GlobalSection(ExtensibilityGlobals) = postSolution
		SolutionGuid = {39085808-30BB-4B28-9F38-3002F65909DD}
	EndGlobalSection
EndGlobal
